// !$*UTF8*$!
{
	archiveVersion = 1;
	classes = {
	};
	objectVersion = 55;
	objects = {

/* Begin PBXBuildFile section */
		B71587471DCBD28B1A9DD0B4 /* Pods_ShukatsuSupportApp.framework in Frameworks */ = {isa = PBXBuildFile; fileRef = EE595CE41639B4D0280B9A20 /* Pods_ShukatsuSupportApp.framework */; };
		CB1F75B2293D7B92002AF86B /* NazeNazeQuestionViewController.swift in Sources */ = {isa = PBXBuildFile; fileRef = CB1F75B1293D7B92002AF86B /* NazeNazeQuestionViewController.swift */; };
		CB1F75B4293DC4BD002AF86B /* EditWritingViewController.swift in Sources */ = {isa = PBXBuildFile; fileRef = CB1F75B3293DC4BD002AF86B /* EditWritingViewController.swift */; };
		CB22623D290C1CAE003B1F1C /* AppDelegate.swift in Sources */ = {isa = PBXBuildFile; fileRef = CB22623C290C1CAE003B1F1C /* AppDelegate.swift */; };
		CB22623F290C1CAE003B1F1C /* SceneDelegate.swift in Sources */ = {isa = PBXBuildFile; fileRef = CB22623E290C1CAE003B1F1C /* SceneDelegate.swift */; };
		CB226241290C1CAE003B1F1C /* ViewController.swift in Sources */ = {isa = PBXBuildFile; fileRef = CB226240290C1CAE003B1F1C /* ViewController.swift */; };
		CB226244290C1CAE003B1F1C /* Main.storyboard in Resources */ = {isa = PBXBuildFile; fileRef = CB226242290C1CAE003B1F1C /* Main.storyboard */; };
		CB226246290C1CB4003B1F1C /* Assets.xcassets in Resources */ = {isa = PBXBuildFile; fileRef = CB226245290C1CB4003B1F1C /* Assets.xcassets */; };
		CB226249290C1CB4003B1F1C /* LaunchScreen.storyboard in Resources */ = {isa = PBXBuildFile; fileRef = CB226247290C1CB4003B1F1C /* LaunchScreen.storyboard */; };
		CB226254290C1CB4003B1F1C /* ShukatsuSupportAppTests.swift in Sources */ = {isa = PBXBuildFile; fileRef = CB226253290C1CB4003B1F1C /* ShukatsuSupportAppTests.swift */; };
		CB22625E290C1CB4003B1F1C /* ShukatsuSupportAppUITests.swift in Sources */ = {isa = PBXBuildFile; fileRef = CB22625D290C1CB4003B1F1C /* ShukatsuSupportAppUITests.swift */; };
		CB226260290C1CB4003B1F1C /* ShukatsuSupportAppUITestsLaunchTests.swift in Sources */ = {isa = PBXBuildFile; fileRef = CB22625F290C1CB4003B1F1C /* ShukatsuSupportAppUITestsLaunchTests.swift */; };
		CB22626D290C2167003B1F1C /* TOPViewController.swift in Sources */ = {isa = PBXBuildFile; fileRef = CB22626C290C2167003B1F1C /* TOPViewController.swift */; };
		CB226270290E9256003B1F1C /* Charts in Frameworks */ = {isa = PBXBuildFile; productRef = CB22626F290E9256003B1F1C /* Charts */; };
		CBAD24DC29182F7800C2DC80 /* NazeNazeViewController.swift in Sources */ = {isa = PBXBuildFile; fileRef = CBAD24DB29182F7800C2DC80 /* NazeNazeViewController.swift */; };
		CBAF3BE92933E08800B7A1DE /* GraphViewController.swift in Sources */ = {isa = PBXBuildFile; fileRef = CBAF3BE82933E08800B7A1DE /* GraphViewController.swift */; };
		CBAF3BED2933E1A700B7A1DE /* User.swift in Sources */ = {isa = PBXBuildFile; fileRef = CBAF3BEC2933E1A700B7A1DE /* User.swift */; };
		CBAF3BEF2933E1F900B7A1DE /* PreviewEpisode.swift in Sources */ = {isa = PBXBuildFile; fileRef = CBAF3BEE2933E1F900B7A1DE /* PreviewEpisode.swift */; };
		CBAF3BF12933E23900B7A1DE /* EditEpisode.swift in Sources */ = {isa = PBXBuildFile; fileRef = CBAF3BF02933E23900B7A1DE /* EditEpisode.swift */; };
		CBB682CE291DEC8A001A1C05 /* EpisodeDetailViewController.swift in Sources */ = {isa = PBXBuildFile; fileRef = CBB682CD291DEC8A001A1C05 /* EpisodeDetailViewController.swift */; };
		CBBDA7232918D507006EC35C /* ESwritingViewController.swift in Sources */ = {isa = PBXBuildFile; fileRef = CBBDA7222918D507006EC35C /* ESwritingViewController.swift */; };
		CBCD1517294F0C1E00D5C39B /* EpisodeTableViewCell.swift in Sources */ = {isa = PBXBuildFile; fileRef = CBCD1515294F0C1E00D5C39B /* EpisodeTableViewCell.swift */; };
		CBCD1518294F0C1E00D5C39B /* EpisodeTableViewCell.xib in Resources */ = {isa = PBXBuildFile; fileRef = CBCD1516294F0C1E00D5C39B /* EpisodeTableViewCell.xib */; };
/* End PBXBuildFile section */

/* Begin PBXContainerItemProxy section */
		CB226250290C1CB4003B1F1C /* PBXContainerItemProxy */ = {
			isa = PBXContainerItemProxy;
			containerPortal = CB226231290C1CAE003B1F1C /* Project object */;
			proxyType = 1;
			remoteGlobalIDString = CB226238290C1CAE003B1F1C;
			remoteInfo = ShukatsuSupportApp;
		};
		CB22625A290C1CB4003B1F1C /* PBXContainerItemProxy */ = {
			isa = PBXContainerItemProxy;
			containerPortal = CB226231290C1CAE003B1F1C /* Project object */;
			proxyType = 1;
			remoteGlobalIDString = CB226238290C1CAE003B1F1C;
			remoteInfo = ShukatsuSupportApp;
		};
/* End PBXContainerItemProxy section */

/* Begin PBXFileReference section */
		620EFB388184CE82141E494A /* Pods-ShukatsuSupportApp.debug.xcconfig */ = {isa = PBXFileReference; includeInIndex = 1; lastKnownFileType = text.xcconfig; name = "Pods-ShukatsuSupportApp.debug.xcconfig"; path = "Target Support Files/Pods-ShukatsuSupportApp/Pods-ShukatsuSupportApp.debug.xcconfig"; sourceTree = "<group>"; };
		AA434E51F90DF281F9A32D17 /* Pods-ShukatsuSupportApp.release.xcconfig */ = {isa = PBXFileReference; includeInIndex = 1; lastKnownFileType = text.xcconfig; name = "Pods-ShukatsuSupportApp.release.xcconfig"; path = "Target Support Files/Pods-ShukatsuSupportApp/Pods-ShukatsuSupportApp.release.xcconfig"; sourceTree = "<group>"; };
		CB1F75B1293D7B92002AF86B /* NazeNazeQuestionViewController.swift */ = {isa = PBXFileReference; lastKnownFileType = sourcecode.swift; path = NazeNazeQuestionViewController.swift; sourceTree = "<group>"; };
		CB1F75B3293DC4BD002AF86B /* EditWritingViewController.swift */ = {isa = PBXFileReference; lastKnownFileType = sourcecode.swift; path = EditWritingViewController.swift; sourceTree = "<group>"; };
		CB226239290C1CAE003B1F1C /* ShukatsuSupportApp.app */ = {isa = PBXFileReference; explicitFileType = wrapper.application; includeInIndex = 0; path = ShukatsuSupportApp.app; sourceTree = BUILT_PRODUCTS_DIR; };
		CB22623C290C1CAE003B1F1C /* AppDelegate.swift */ = {isa = PBXFileReference; lastKnownFileType = sourcecode.swift; path = AppDelegate.swift; sourceTree = "<group>"; };
		CB22623E290C1CAE003B1F1C /* SceneDelegate.swift */ = {isa = PBXFileReference; lastKnownFileType = sourcecode.swift; path = SceneDelegate.swift; sourceTree = "<group>"; };
		CB226240290C1CAE003B1F1C /* ViewController.swift */ = {isa = PBXFileReference; lastKnownFileType = sourcecode.swift; path = ViewController.swift; sourceTree = "<group>"; };
		CB226243290C1CAE003B1F1C /* Base */ = {isa = PBXFileReference; lastKnownFileType = file.storyboard; name = Base; path = Base.lproj/Main.storyboard; sourceTree = "<group>"; };
		CB226245290C1CB4003B1F1C /* Assets.xcassets */ = {isa = PBXFileReference; lastKnownFileType = folder.assetcatalog; path = Assets.xcassets; sourceTree = "<group>"; };
		CB226248290C1CB4003B1F1C /* Base */ = {isa = PBXFileReference; lastKnownFileType = file.storyboard; name = Base; path = Base.lproj/LaunchScreen.storyboard; sourceTree = "<group>"; };
		CB22624A290C1CB4003B1F1C /* Info.plist */ = {isa = PBXFileReference; lastKnownFileType = text.plist.xml; path = Info.plist; sourceTree = "<group>"; };
		CB22624F290C1CB4003B1F1C /* ShukatsuSupportAppTests.xctest */ = {isa = PBXFileReference; explicitFileType = wrapper.cfbundle; includeInIndex = 0; path = ShukatsuSupportAppTests.xctest; sourceTree = BUILT_PRODUCTS_DIR; };
		CB226253290C1CB4003B1F1C /* ShukatsuSupportAppTests.swift */ = {isa = PBXFileReference; lastKnownFileType = sourcecode.swift; path = ShukatsuSupportAppTests.swift; sourceTree = "<group>"; };
		CB226259290C1CB4003B1F1C /* ShukatsuSupportAppUITests.xctest */ = {isa = PBXFileReference; explicitFileType = wrapper.cfbundle; includeInIndex = 0; path = ShukatsuSupportAppUITests.xctest; sourceTree = BUILT_PRODUCTS_DIR; };
		CB22625D290C1CB4003B1F1C /* ShukatsuSupportAppUITests.swift */ = {isa = PBXFileReference; lastKnownFileType = sourcecode.swift; path = ShukatsuSupportAppUITests.swift; sourceTree = "<group>"; };
		CB22625F290C1CB4003B1F1C /* ShukatsuSupportAppUITestsLaunchTests.swift */ = {isa = PBXFileReference; lastKnownFileType = sourcecode.swift; path = ShukatsuSupportAppUITestsLaunchTests.swift; sourceTree = "<group>"; };
		CB22626C290C2167003B1F1C /* TOPViewController.swift */ = {isa = PBXFileReference; lastKnownFileType = sourcecode.swift; path = TOPViewController.swift; sourceTree = "<group>"; };
		CBAD24DB29182F7800C2DC80 /* NazeNazeViewController.swift */ = {isa = PBXFileReference; lastKnownFileType = sourcecode.swift; path = NazeNazeViewController.swift; sourceTree = "<group>"; };
		CBAF3BE82933E08800B7A1DE /* GraphViewController.swift */ = {isa = PBXFileReference; lastKnownFileType = sourcecode.swift; path = GraphViewController.swift; sourceTree = "<group>"; };
		CBAF3BEC2933E1A700B7A1DE /* User.swift */ = {isa = PBXFileReference; lastKnownFileType = sourcecode.swift; path = User.swift; sourceTree = "<group>"; };
		CBAF3BEE2933E1F900B7A1DE /* PreviewEpisode.swift */ = {isa = PBXFileReference; lastKnownFileType = sourcecode.swift; path = PreviewEpisode.swift; sourceTree = "<group>"; };
		CBAF3BF02933E23900B7A1DE /* EditEpisode.swift */ = {isa = PBXFileReference; lastKnownFileType = sourcecode.swift; path = EditEpisode.swift; sourceTree = "<group>"; };
		CBB682CD291DEC8A001A1C05 /* EpisodeDetailViewController.swift */ = {isa = PBXFileReference; lastKnownFileType = sourcecode.swift; path = EpisodeDetailViewController.swift; sourceTree = "<group>"; };
		CBBDA7222918D507006EC35C /* ESwritingViewController.swift */ = {isa = PBXFileReference; lastKnownFileType = sourcecode.swift; path = ESwritingViewController.swift; sourceTree = "<group>"; };
		CBCD1515294F0C1E00D5C39B /* EpisodeTableViewCell.swift */ = {isa = PBXFileReference; lastKnownFileType = sourcecode.swift; path = EpisodeTableViewCell.swift; sourceTree = "<group>"; };
		CBCD1516294F0C1E00D5C39B /* EpisodeTableViewCell.xib */ = {isa = PBXFileReference; lastKnownFileType = file.xib; path = EpisodeTableViewCell.xib; sourceTree = "<group>"; };
		EE595CE41639B4D0280B9A20 /* Pods_ShukatsuSupportApp.framework */ = {isa = PBXFileReference; explicitFileType = wrapper.framework; includeInIndex = 0; path = Pods_ShukatsuSupportApp.framework; sourceTree = BUILT_PRODUCTS_DIR; };
/* End PBXFileReference section */

/* Begin PBXFrameworksBuildPhase section */
		CB226236290C1CAE003B1F1C /* Frameworks */ = {
			isa = PBXFrameworksBuildPhase;
			buildActionMask = 2147483647;
			files = (
				CB226270290E9256003B1F1C /* Charts in Frameworks */,
				B71587471DCBD28B1A9DD0B4 /* Pods_ShukatsuSupportApp.framework in Frameworks */,
			);
			runOnlyForDeploymentPostprocessing = 0;
		};
		CB22624C290C1CB4003B1F1C /* Frameworks */ = {
			isa = PBXFrameworksBuildPhase;
			buildActionMask = 2147483647;
			files = (
			);
			runOnlyForDeploymentPostprocessing = 0;
		};
		CB226256290C1CB4003B1F1C /* Frameworks */ = {
			isa = PBXFrameworksBuildPhase;
			buildActionMask = 2147483647;
			files = (
			);
			runOnlyForDeploymentPostprocessing = 0;
		};
/* End PBXFrameworksBuildPhase section */

/* Begin PBXGroup section */
		0160BECA2C0F3EF96519DC6D /* Frameworks */ = {
			isa = PBXGroup;
			children = (
				EE595CE41639B4D0280B9A20 /* Pods_ShukatsuSupportApp.framework */,
			);
			name = Frameworks;
			sourceTree = "<group>";
		};
		AB1BC213B9241B499F748696 /* Pods */ = {
			isa = PBXGroup;
			children = (
				620EFB388184CE82141E494A /* Pods-ShukatsuSupportApp.debug.xcconfig */,
				AA434E51F90DF281F9A32D17 /* Pods-ShukatsuSupportApp.release.xcconfig */,
			);
			path = Pods;
			sourceTree = "<group>";
		};
		CB226230290C1CAE003B1F1C = {
			isa = PBXGroup;
			children = (
				CB22623B290C1CAE003B1F1C /* ShukatsuSupportApp */,
				CB226252290C1CB4003B1F1C /* ShukatsuSupportAppTests */,
				CB22625C290C1CB4003B1F1C /* ShukatsuSupportAppUITests */,
				CB22623A290C1CAE003B1F1C /* Products */,
				AB1BC213B9241B499F748696 /* Pods */,
				0160BECA2C0F3EF96519DC6D /* Frameworks */,
			);
			sourceTree = "<group>";
		};
		CB22623A290C1CAE003B1F1C /* Products */ = {
			isa = PBXGroup;
			children = (
				CB226239290C1CAE003B1F1C /* ShukatsuSupportApp.app */,
				CB22624F290C1CB4003B1F1C /* ShukatsuSupportAppTests.xctest */,
				CB226259290C1CB4003B1F1C /* ShukatsuSupportAppUITests.xctest */,
			);
			name = Products;
			sourceTree = "<group>";
		};
		CB22623B290C1CAE003B1F1C /* ShukatsuSupportApp */ = {
			isa = PBXGroup;
			children = (
				CBAF3BEC2933E1A700B7A1DE /* User.swift */,
				CBAD24DB29182F7800C2DC80 /* NazeNazeViewController.swift */,
				CBAF3BE82933E08800B7A1DE /* GraphViewController.swift */,
				CB22623C290C1CAE003B1F1C /* AppDelegate.swift */,
				CB22623E290C1CAE003B1F1C /* SceneDelegate.swift */,
				CB226240290C1CAE003B1F1C /* ViewController.swift */,
				CB226242290C1CAE003B1F1C /* Main.storyboard */,
				CB1F75B3293DC4BD002AF86B /* EditWritingViewController.swift */,
				CB1F75B1293D7B92002AF86B /* NazeNazeQuestionViewController.swift */,
				CBAF3BEE2933E1F900B7A1DE /* PreviewEpisode.swift */,
				CBAF3BF02933E23900B7A1DE /* EditEpisode.swift */,
				CBB682CD291DEC8A001A1C05 /* EpisodeDetailViewController.swift */,
				CB22626C290C2167003B1F1C /* TOPViewController.swift */,
				CBBDA7222918D507006EC35C /* ESwritingViewController.swift */,
				CB226245290C1CB4003B1F1C /* Assets.xcassets */,
				CB226247290C1CB4003B1F1C /* LaunchScreen.storyboard */,
				CB22624A290C1CB4003B1F1C /* Info.plist */,
				CBCD1515294F0C1E00D5C39B /* EpisodeTableViewCell.swift */,
				CBCD1516294F0C1E00D5C39B /* EpisodeTableViewCell.xib */,
			);
			path = ShukatsuSupportApp;
			sourceTree = "<group>";
		};
		CB226252290C1CB4003B1F1C /* ShukatsuSupportAppTests */ = {
			isa = PBXGroup;
			children = (
				CB226253290C1CB4003B1F1C /* ShukatsuSupportAppTests.swift */,
			);
			path = ShukatsuSupportAppTests;
			sourceTree = "<group>";
		};
		CB22625C290C1CB4003B1F1C /* ShukatsuSupportAppUITests */ = {
			isa = PBXGroup;
			children = (
				CB22625D290C1CB4003B1F1C /* ShukatsuSupportAppUITests.swift */,
				CB22625F290C1CB4003B1F1C /* ShukatsuSupportAppUITestsLaunchTests.swift */,
			);
			path = ShukatsuSupportAppUITests;
			sourceTree = "<group>";
		};
/* End PBXGroup section */

/* Begin PBXNativeTarget section */
		CB226238290C1CAE003B1F1C /* ShukatsuSupportApp */ = {
			isa = PBXNativeTarget;
			buildConfigurationList = CB226263290C1CB4003B1F1C /* Build configuration list for PBXNativeTarget "ShukatsuSupportApp" */;
			buildPhases = (
				5AAD38EDBFD6A611E365BFB8 /* [CP] Check Pods Manifest.lock */,
				CB226235290C1CAE003B1F1C /* Sources */,
				CB226236290C1CAE003B1F1C /* Frameworks */,
				CB226237290C1CAE003B1F1C /* Resources */,
				A984D41ECD35BA68474CC69D /* [CP] Embed Pods Frameworks */,
			);
			buildRules = (
			);
			dependencies = (
			);
			name = ShukatsuSupportApp;
			packageProductDependencies = (
				CB22626F290E9256003B1F1C /* Charts */,
			);
			productName = ShukatsuSupportApp;
			productReference = CB226239290C1CAE003B1F1C /* ShukatsuSupportApp.app */;
			productType = "com.apple.product-type.application";
		};
		CB22624E290C1CB4003B1F1C /* ShukatsuSupportAppTests */ = {
			isa = PBXNativeTarget;
			buildConfigurationList = CB226266290C1CB4003B1F1C /* Build configuration list for PBXNativeTarget "ShukatsuSupportAppTests" */;
			buildPhases = (
				CB22624B290C1CB4003B1F1C /* Sources */,
				CB22624C290C1CB4003B1F1C /* Frameworks */,
				CB22624D290C1CB4003B1F1C /* Resources */,
			);
			buildRules = (
			);
			dependencies = (
				CB226251290C1CB4003B1F1C /* PBXTargetDependency */,
			);
			name = ShukatsuSupportAppTests;
			productName = ShukatsuSupportAppTests;
			productReference = CB22624F290C1CB4003B1F1C /* ShukatsuSupportAppTests.xctest */;
			productType = "com.apple.product-type.bundle.unit-test";
		};
		CB226258290C1CB4003B1F1C /* ShukatsuSupportAppUITests */ = {
			isa = PBXNativeTarget;
			buildConfigurationList = CB226269290C1CB4003B1F1C /* Build configuration list for PBXNativeTarget "ShukatsuSupportAppUITests" */;
			buildPhases = (
				CB226255290C1CB4003B1F1C /* Sources */,
				CB226256290C1CB4003B1F1C /* Frameworks */,
				CB226257290C1CB4003B1F1C /* Resources */,
			);
			buildRules = (
			);
			dependencies = (
				CB22625B290C1CB4003B1F1C /* PBXTargetDependency */,
			);
			name = ShukatsuSupportAppUITests;
			productName = ShukatsuSupportAppUITests;
			productReference = CB226259290C1CB4003B1F1C /* ShukatsuSupportAppUITests.xctest */;
			productType = "com.apple.product-type.bundle.ui-testing";
		};
/* End PBXNativeTarget section */

/* Begin PBXProject section */
		CB226231290C1CAE003B1F1C /* Project object */ = {
			isa = PBXProject;
			attributes = {
				BuildIndependentTargetsInParallel = 1;
				LastSwiftUpdateCheck = 1340;
				LastUpgradeCheck = 1340;
				TargetAttributes = {
					CB226238290C1CAE003B1F1C = {
						CreatedOnToolsVersion = 13.4;
					};
					CB22624E290C1CB4003B1F1C = {
						CreatedOnToolsVersion = 13.4;
						TestTargetID = CB226238290C1CAE003B1F1C;
					};
					CB226258290C1CB4003B1F1C = {
						CreatedOnToolsVersion = 13.4;
						TestTargetID = CB226238290C1CAE003B1F1C;
					};
				};
			};
			buildConfigurationList = CB226234290C1CAE003B1F1C /* Build configuration list for PBXProject "ShukatsuSupportApp" */;
			compatibilityVersion = "Xcode 13.0";
			developmentRegion = en;
			hasScannedForEncodings = 0;
			knownRegions = (
				en,
				Base,
			);
			mainGroup = CB226230290C1CAE003B1F1C;
			packageReferences = (
				CB22626E290E9256003B1F1C /* XCRemoteSwiftPackageReference "Charts" */,
			);
			productRefGroup = CB22623A290C1CAE003B1F1C /* Products */;
			projectDirPath = "";
			projectRoot = "";
			targets = (
				CB226238290C1CAE003B1F1C /* ShukatsuSupportApp */,
				CB22624E290C1CB4003B1F1C /* ShukatsuSupportAppTests */,
				CB226258290C1CB4003B1F1C /* ShukatsuSupportAppUITests */,
			);
		};
/* End PBXProject section */

/* Begin PBXResourcesBuildPhase section */
		CB226237290C1CAE003B1F1C /* Resources */ = {
			isa = PBXResourcesBuildPhase;
			buildActionMask = 2147483647;
			files = (
				CB226249290C1CB4003B1F1C /* LaunchScreen.storyboard in Resources */,
				CBCD1518294F0C1E00D5C39B /* EpisodeTableViewCell.xib in Resources */,
				CB226246290C1CB4003B1F1C /* Assets.xcassets in Resources */,
				CB226244290C1CAE003B1F1C /* Main.storyboard in Resources */,
			);
			runOnlyForDeploymentPostprocessing = 0;
		};
		CB22624D290C1CB4003B1F1C /* Resources */ = {
			isa = PBXResourcesBuildPhase;
			buildActionMask = 2147483647;
			files = (
			);
			runOnlyForDeploymentPostprocessing = 0;
		};
		CB226257290C1CB4003B1F1C /* Resources */ = {
			isa = PBXResourcesBuildPhase;
			buildActionMask = 2147483647;
			files = (
			);
			runOnlyForDeploymentPostprocessing = 0;
		};
/* End PBXResourcesBuildPhase section */

/* Begin PBXShellScriptBuildPhase section */
		5AAD38EDBFD6A611E365BFB8 /* [CP] Check Pods Manifest.lock */ = {
			isa = PBXShellScriptBuildPhase;
			buildActionMask = 2147483647;
			files = (
			);
			inputFileListPaths = (
			);
			inputPaths = (
				"${PODS_PODFILE_DIR_PATH}/Podfile.lock",
				"${PODS_ROOT}/Manifest.lock",
			);
			name = "[CP] Check Pods Manifest.lock";
			outputFileListPaths = (
			);
			outputPaths = (
				"$(DERIVED_FILE_DIR)/Pods-ShukatsuSupportApp-checkManifestLockResult.txt",
			);
			runOnlyForDeploymentPostprocessing = 0;
			shellPath = /bin/sh;
			shellScript = "diff \"${PODS_PODFILE_DIR_PATH}/Podfile.lock\" \"${PODS_ROOT}/Manifest.lock\" > /dev/null\nif [ $? != 0 ] ; then\n    # print error to STDERR\n    echo \"error: The sandbox is not in sync with the Podfile.lock. Run 'pod install' or update your CocoaPods installation.\" >&2\n    exit 1\nfi\n# This output is used by Xcode 'outputs' to avoid re-running this script phase.\necho \"SUCCESS\" > \"${SCRIPT_OUTPUT_FILE_0}\"\n";
			showEnvVarsInLog = 0;
		};
		A984D41ECD35BA68474CC69D /* [CP] Embed Pods Frameworks */ = {
			isa = PBXShellScriptBuildPhase;
			buildActionMask = 2147483647;
			files = (
			);
			inputFileListPaths = (
				"${PODS_ROOT}/Target Support Files/Pods-ShukatsuSupportApp/Pods-ShukatsuSupportApp-frameworks-${CONFIGURATION}-input-files.xcfilelist",
			);
			name = "[CP] Embed Pods Frameworks";
			outputFileListPaths = (
				"${PODS_ROOT}/Target Support Files/Pods-ShukatsuSupportApp/Pods-ShukatsuSupportApp-frameworks-${CONFIGURATION}-output-files.xcfilelist",
			);
			runOnlyForDeploymentPostprocessing = 0;
			shellPath = /bin/sh;
			shellScript = "\"${PODS_ROOT}/Target Support Files/Pods-ShukatsuSupportApp/Pods-ShukatsuSupportApp-frameworks.sh\"\n";
			showEnvVarsInLog = 0;
		};
/* End PBXShellScriptBuildPhase section */

/* Begin PBXSourcesBuildPhase section */
		CB226235290C1CAE003B1F1C /* Sources */ = {
			isa = PBXSourcesBuildPhase;
			buildActionMask = 2147483647;
			files = (
				CBAF3BE92933E08800B7A1DE /* GraphViewController.swift in Sources */,
				CBCD1517294F0C1E00D5C39B /* EpisodeTableViewCell.swift in Sources */,
				CB22626D290C2167003B1F1C /* TOPViewController.swift in Sources */,
				CB1F75B4293DC4BD002AF86B /* EditWritingViewController.swift in Sources */,
				CBAF3BEF2933E1F900B7A1DE /* PreviewEpisode.swift in Sources */,
				CBAF3BF12933E23900B7A1DE /* EditEpisode.swift in Sources */,
				CB226241290C1CAE003B1F1C /* ViewController.swift in Sources */,
				CBB682CE291DEC8A001A1C05 /* EpisodeDetailViewController.swift in Sources */,
				CBBDA7232918D507006EC35C /* ESwritingViewController.swift in Sources */,
				CB22623D290C1CAE003B1F1C /* AppDelegate.swift in Sources */,
				CBAD24DC29182F7800C2DC80 /* NazeNazeViewController.swift in Sources */,
				CB22623F290C1CAE003B1F1C /* SceneDelegate.swift in Sources */,
				CB1F75B2293D7B92002AF86B /* NazeNazeQuestionViewController.swift in Sources */,
				CBAF3BED2933E1A700B7A1DE /* User.swift in Sources */,
			);
			runOnlyForDeploymentPostprocessing = 0;
		};
		CB22624B290C1CB4003B1F1C /* Sources */ = {
			isa = PBXSourcesBuildPhase;
			buildActionMask = 2147483647;
			files = (
				CB226254290C1CB4003B1F1C /* ShukatsuSupportAppTests.swift in Sources */,
			);
			runOnlyForDeploymentPostprocessing = 0;
		};
		CB226255290C1CB4003B1F1C /* Sources */ = {
			isa = PBXSourcesBuildPhase;
			buildActionMask = 2147483647;
			files = (
				CB226260290C1CB4003B1F1C /* ShukatsuSupportAppUITestsLaunchTests.swift in Sources */,
				CB22625E290C1CB4003B1F1C /* ShukatsuSupportAppUITests.swift in Sources */,
			);
			runOnlyForDeploymentPostprocessing = 0;
		};
/* End PBXSourcesBuildPhase section */

/* Begin PBXTargetDependency section */
		CB226251290C1CB4003B1F1C /* PBXTargetDependency */ = {
			isa = PBXTargetDependency;
			target = CB226238290C1CAE003B1F1C /* ShukatsuSupportApp */;
			targetProxy = CB226250290C1CB4003B1F1C /* PBXContainerItemProxy */;
		};
		CB22625B290C1CB4003B1F1C /* PBXTargetDependency */ = {
			isa = PBXTargetDependency;
			target = CB226238290C1CAE003B1F1C /* ShukatsuSupportApp */;
			targetProxy = CB22625A290C1CB4003B1F1C /* PBXContainerItemProxy */;
		};
/* End PBXTargetDependency section */

/* Begin PBXVariantGroup section */
		CB226242290C1CAE003B1F1C /* Main.storyboard */ = {
			isa = PBXVariantGroup;
			children = (
				CB226243290C1CAE003B1F1C /* Base */,
			);
			name = Main.storyboard;
			sourceTree = "<group>";
		};
		CB226247290C1CB4003B1F1C /* LaunchScreen.storyboard */ = {
			isa = PBXVariantGroup;
			children = (
				CB226248290C1CB4003B1F1C /* Base */,
			);
			name = LaunchScreen.storyboard;
			sourceTree = "<group>";
		};
/* End PBXVariantGroup section */

/* Begin XCBuildConfiguration section */
		CB226261290C1CB4003B1F1C /* Debug */ = {
			isa = XCBuildConfiguration;
			buildSettings = {
				ALWAYS_SEARCH_USER_PATHS = NO;
				CLANG_ANALYZER_NONNULL = YES;
				CLANG_ANALYZER_NUMBER_OBJECT_CONVERSION = YES_AGGRESSIVE;
				CLANG_CXX_LANGUAGE_STANDARD = "gnu++17";
				CLANG_ENABLE_MODULES = YES;
				CLANG_ENABLE_OBJC_ARC = YES;
				CLANG_ENABLE_OBJC_WEAK = YES;
				CLANG_WARN_BLOCK_CAPTURE_AUTORELEASING = YES;
				CLANG_WARN_BOOL_CONVERSION = YES;
				CLANG_WARN_COMMA = YES;
				CLANG_WARN_CONSTANT_CONVERSION = YES;
				CLANG_WARN_DEPRECATED_OBJC_IMPLEMENTATIONS = YES;
				CLANG_WARN_DIRECT_OBJC_ISA_USAGE = YES_ERROR;
				CLANG_WARN_DOCUMENTATION_COMMENTS = YES;
				CLANG_WARN_EMPTY_BODY = YES;
				CLANG_WARN_ENUM_CONVERSION = YES;
				CLANG_WARN_INFINITE_RECURSION = YES;
				CLANG_WARN_INT_CONVERSION = YES;
				CLANG_WARN_NON_LITERAL_NULL_CONVERSION = YES;
				CLANG_WARN_OBJC_IMPLICIT_RETAIN_SELF = YES;
				CLANG_WARN_OBJC_LITERAL_CONVERSION = YES;
				CLANG_WARN_OBJC_ROOT_CLASS = YES_ERROR;
				CLANG_WARN_QUOTED_INCLUDE_IN_FRAMEWORK_HEADER = YES;
				CLANG_WARN_RANGE_LOOP_ANALYSIS = YES;
				CLANG_WARN_STRICT_PROTOTYPES = YES;
				CLANG_WARN_SUSPICIOUS_MOVE = YES;
				CLANG_WARN_UNGUARDED_AVAILABILITY = YES_AGGRESSIVE;
				CLANG_WARN_UNREACHABLE_CODE = YES;
				CLANG_WARN__DUPLICATE_METHOD_MATCH = YES;
				COPY_PHASE_STRIP = NO;
				DEBUG_INFORMATION_FORMAT = dwarf;
				ENABLE_STRICT_OBJC_MSGSEND = YES;
				ENABLE_TESTABILITY = YES;
				GCC_C_LANGUAGE_STANDARD = gnu11;
				GCC_DYNAMIC_NO_PIC = NO;
				GCC_NO_COMMON_BLOCKS = YES;
				GCC_OPTIMIZATION_LEVEL = 0;
				GCC_PREPROCESSOR_DEFINITIONS = (
					"DEBUG=1",
					"$(inherited)",
				);
				GCC_WARN_64_TO_32_BIT_CONVERSION = YES;
				GCC_WARN_ABOUT_RETURN_TYPE = YES_ERROR;
				GCC_WARN_UNDECLARED_SELECTOR = YES;
				GCC_WARN_UNINITIALIZED_AUTOS = YES_AGGRESSIVE;
				GCC_WARN_UNUSED_FUNCTION = YES;
				GCC_WARN_UNUSED_VARIABLE = YES;
				IPHONEOS_DEPLOYMENT_TARGET = 15.5;
				MTL_ENABLE_DEBUG_INFO = INCLUDE_SOURCE;
				MTL_FAST_MATH = YES;
				ONLY_ACTIVE_ARCH = YES;
				SDKROOT = iphoneos;
				SWIFT_ACTIVE_COMPILATION_CONDITIONS = DEBUG;
				SWIFT_OPTIMIZATION_LEVEL = "-Onone";
			};
			name = Debug;
		};
		CB226262290C1CB4003B1F1C /* Release */ = {
			isa = XCBuildConfiguration;
			buildSettings = {
				ALWAYS_SEARCH_USER_PATHS = NO;
				CLANG_ANALYZER_NONNULL = YES;
				CLANG_ANALYZER_NUMBER_OBJECT_CONVERSION = YES_AGGRESSIVE;
				CLANG_CXX_LANGUAGE_STANDARD = "gnu++17";
				CLANG_ENABLE_MODULES = YES;
				CLANG_ENABLE_OBJC_ARC = YES;
				CLANG_ENABLE_OBJC_WEAK = YES;
				CLANG_WARN_BLOCK_CAPTURE_AUTORELEASING = YES;
				CLANG_WARN_BOOL_CONVERSION = YES;
				CLANG_WARN_COMMA = YES;
				CLANG_WARN_CONSTANT_CONVERSION = YES;
				CLANG_WARN_DEPRECATED_OBJC_IMPLEMENTATIONS = YES;
				CLANG_WARN_DIRECT_OBJC_ISA_USAGE = YES_ERROR;
				CLANG_WARN_DOCUMENTATION_COMMENTS = YES;
				CLANG_WARN_EMPTY_BODY = YES;
				CLANG_WARN_ENUM_CONVERSION = YES;
				CLANG_WARN_INFINITE_RECURSION = YES;
				CLANG_WARN_INT_CONVERSION = YES;
				CLANG_WARN_NON_LITERAL_NULL_CONVERSION = YES;
				CLANG_WARN_OBJC_IMPLICIT_RETAIN_SELF = YES;
				CLANG_WARN_OBJC_LITERAL_CONVERSION = YES;
				CLANG_WARN_OBJC_ROOT_CLASS = YES_ERROR;
				CLANG_WARN_QUOTED_INCLUDE_IN_FRAMEWORK_HEADER = YES;
				CLANG_WARN_RANGE_LOOP_ANALYSIS = YES;
				CLANG_WARN_STRICT_PROTOTYPES = YES;
				CLANG_WARN_SUSPICIOUS_MOVE = YES;
				CLANG_WARN_UNGUARDED_AVAILABILITY = YES_AGGRESSIVE;
				CLANG_WARN_UNREACHABLE_CODE = YES;
				CLANG_WARN__DUPLICATE_METHOD_MATCH = YES;
				COPY_PHASE_STRIP = NO;
				DEBUG_INFORMATION_FORMAT = "dwarf-with-dsym";
				ENABLE_NS_ASSERTIONS = NO;
				ENABLE_STRICT_OBJC_MSGSEND = YES;
				GCC_C_LANGUAGE_STANDARD = gnu11;
				GCC_NO_COMMON_BLOCKS = YES;
				GCC_WARN_64_TO_32_BIT_CONVERSION = YES;
				GCC_WARN_ABOUT_RETURN_TYPE = YES_ERROR;
				GCC_WARN_UNDECLARED_SELECTOR = YES;
				GCC_WARN_UNINITIALIZED_AUTOS = YES_AGGRESSIVE;
				GCC_WARN_UNUSED_FUNCTION = YES;
				GCC_WARN_UNUSED_VARIABLE = YES;
				IPHONEOS_DEPLOYMENT_TARGET = 15.5;
				MTL_ENABLE_DEBUG_INFO = NO;
				MTL_FAST_MATH = YES;
				SDKROOT = iphoneos;
				SWIFT_COMPILATION_MODE = wholemodule;
				SWIFT_OPTIMIZATION_LEVEL = "-O";
				VALIDATE_PRODUCT = YES;
			};
			name = Release;
		};
		CB226264290C1CB4003B1F1C /* Debug */ = {
			isa = XCBuildConfiguration;
			baseConfigurationReference = 620EFB388184CE82141E494A /* Pods-ShukatsuSupportApp.debug.xcconfig */;
			buildSettings = {
				ASSETCATALOG_COMPILER_APPICON_NAME = AppIcon;
				ASSETCATALOG_COMPILER_GLOBAL_ACCENT_COLOR_NAME = AccentColor;
				CODE_SIGN_STYLE = Automatic;
				CURRENT_PROJECT_VERSION = 1;
				GENERATE_INFOPLIST_FILE = YES;
				INFOPLIST_FILE = ShukatsuSupportApp/Info.plist;
				INFOPLIST_KEY_UIApplicationSupportsIndirectInputEvents = YES;
				INFOPLIST_KEY_UILaunchStoryboardName = LaunchScreen;
				INFOPLIST_KEY_UIMainStoryboardFile = Main;
				INFOPLIST_KEY_UISupportedInterfaceOrientations_iPad = "UIInterfaceOrientationPortrait UIInterfaceOrientationPortraitUpsideDown UIInterfaceOrientationLandscapeLeft UIInterfaceOrientationLandscapeRight";
				INFOPLIST_KEY_UISupportedInterfaceOrientations_iPhone = "UIInterfaceOrientationPortrait UIInterfaceOrientationLandscapeLeft UIInterfaceOrientationLandscapeRight";
				LD_RUNPATH_SEARCH_PATHS = (
					"$(inherited)",
					"@executable_path/Frameworks",
				);
				LIBRARY_SEARCH_PATHS = (
					"$(inherited)",
					"\"${PODS_XCFRAMEWORKS_BUILD_DIR}/realm-monorepo\"",
				);
				MARKETING_VERSION = 1.0;
				PRODUCT_BUNDLE_IDENTIFIER = uchidamirei.com.ShukatsuSupportApp;
				PRODUCT_NAME = "$(TARGET_NAME)";
				SWIFT_EMIT_LOC_STRINGS = YES;
				SWIFT_VERSION = 5.0;
				TARGETED_DEVICE_FAMILY = "1,2";
			};
			name = Debug;
		};
		CB226265290C1CB4003B1F1C /* Release */ = {
			isa = XCBuildConfiguration;
			baseConfigurationReference = AA434E51F90DF281F9A32D17 /* Pods-ShukatsuSupportApp.release.xcconfig */;
			buildSettings = {
				ASSETCATALOG_COMPILER_APPICON_NAME = AppIcon;
				ASSETCATALOG_COMPILER_GLOBAL_ACCENT_COLOR_NAME = AccentColor;
				CODE_SIGN_STYLE = Automatic;
				CURRENT_PROJECT_VERSION = 1;
				GENERATE_INFOPLIST_FILE = YES;
				INFOPLIST_FILE = ShukatsuSupportApp/Info.plist;
				INFOPLIST_KEY_UIApplicationSupportsIndirectInputEvents = YES;
				INFOPLIST_KEY_UILaunchStoryboardName = LaunchScreen;
				INFOPLIST_KEY_UIMainStoryboardFile = Main;
				INFOPLIST_KEY_UISupportedInterfaceOrientations_iPad = "UIInterfaceOrientationPortrait UIInterfaceOrientationPortraitUpsideDown UIInterfaceOrientationLandscapeLeft UIInterfaceOrientationLandscapeRight";
				INFOPLIST_KEY_UISupportedInterfaceOrientations_iPhone = "UIInterfaceOrientationPortrait UIInterfaceOrientationLandscapeLeft UIInterfaceOrientationLandscapeRight";
				LD_RUNPATH_SEARCH_PATHS = (
					"$(inherited)",
					"@executable_path/Frameworks",
				);
				LIBRARY_SEARCH_PATHS = (
					"$(inherited)",
					"\"${PODS_XCFRAMEWORKS_BUILD_DIR}/realm-monorepo\"",
				);
				MARKETING_VERSION = 1.0;
				PRODUCT_BUNDLE_IDENTIFIER = uchidamirei.com.ShukatsuSupportApp;
				PRODUCT_NAME = "$(TARGET_NAME)";
				SWIFT_EMIT_LOC_STRINGS = YES;
				SWIFT_VERSION = 5.0;
				TARGETED_DEVICE_FAMILY = "1,2";
			};
			name = Release;
		};
		CB226267290C1CB4003B1F1C /* Debug */ = {
			isa = XCBuildConfiguration;
			buildSettings = {
				ALWAYS_EMBED_SWIFT_STANDARD_LIBRARIES = YES;
				BUNDLE_LOADER = "$(TEST_HOST)";
				CODE_SIGN_STYLE = Automatic;
				CURRENT_PROJECT_VERSION = 1;
				GENERATE_INFOPLIST_FILE = YES;
				IPHONEOS_DEPLOYMENT_TARGET = 15.5;
				MARKETING_VERSION = 1.0;
				PRODUCT_BUNDLE_IDENTIFIER = uchidamirei.com.ShukatsuSupportAppTests;
				PRODUCT_NAME = "$(TARGET_NAME)";
				SWIFT_EMIT_LOC_STRINGS = NO;
				SWIFT_VERSION = 5.0;
				TARGETED_DEVICE_FAMILY = "1,2";
				TEST_HOST = "$(BUILT_PRODUCTS_DIR)/ShukatsuSupportApp.app/ShukatsuSupportApp";
			};
			name = Debug;
		};
		CB226268290C1CB4003B1F1C /* Release */ = {
			isa = XCBuildConfiguration;
			buildSettings = {
				ALWAYS_EMBED_SWIFT_STANDARD_LIBRARIES = YES;
				BUNDLE_LOADER = "$(TEST_HOST)";
				CODE_SIGN_STYLE = Automatic;
				CURRENT_PROJECT_VERSION = 1;
				GENERATE_INFOPLIST_FILE = YES;
				IPHONEOS_DEPLOYMENT_TARGET = 15.5;
				MARKETING_VERSION = 1.0;
				PRODUCT_BUNDLE_IDENTIFIER = uchidamirei.com.ShukatsuSupportAppTests;
				PRODUCT_NAME = "$(TARGET_NAME)";
				SWIFT_EMIT_LOC_STRINGS = NO;
				SWIFT_VERSION = 5.0;
				TARGETED_DEVICE_FAMILY = "1,2";
				TEST_HOST = "$(BUILT_PRODUCTS_DIR)/ShukatsuSupportApp.app/ShukatsuSupportApp";
			};
			name = Release;
		};
		CB22626A290C1CB4003B1F1C /* Debug */ = {
			isa = XCBuildConfiguration;
			buildSettings = {
				ALWAYS_EMBED_SWIFT_STANDARD_LIBRARIES = YES;
				CODE_SIGN_STYLE = Automatic;
				CURRENT_PROJECT_VERSION = 1;
				GENERATE_INFOPLIST_FILE = YES;
				MARKETING_VERSION = 1.0;
				PRODUCT_BUNDLE_IDENTIFIER = uchidamirei.com.ShukatsuSupportAppUITests;
				PRODUCT_NAME = "$(TARGET_NAME)";
				SWIFT_EMIT_LOC_STRINGS = NO;
				SWIFT_VERSION = 5.0;
				TARGETED_DEVICE_FAMILY = "1,2";
				TEST_TARGET_NAME = ShukatsuSupportApp;
			};
			name = Debug;
		};
		CB22626B290C1CB4003B1F1C /* Release */ = {
			isa = XCBuildConfiguration;
			buildSettings = {
				ALWAYS_EMBED_SWIFT_STANDARD_LIBRARIES = YES;
				CODE_SIGN_STYLE = Automatic;
				CURRENT_PROJECT_VERSION = 1;
				GENERATE_INFOPLIST_FILE = YES;
				MARKETING_VERSION = 1.0;
				PRODUCT_BUNDLE_IDENTIFIER = uchidamirei.com.ShukatsuSupportAppUITests;
				PRODUCT_NAME = "$(TARGET_NAME)";
				SWIFT_EMIT_LOC_STRINGS = NO;
				SWIFT_VERSION = 5.0;
				TARGETED_DEVICE_FAMILY = "1,2";
				TEST_TARGET_NAME = ShukatsuSupportApp;
			};
			name = Release;
		};
/* End XCBuildConfiguration section */

/* Begin XCConfigurationList section */
		CB226234290C1CAE003B1F1C /* Build configuration list for PBXProject "ShukatsuSupportApp" */ = {
			isa = XCConfigurationList;
			buildConfigurations = (
				CB226261290C1CB4003B1F1C /* Debug */,
				CB226262290C1CB4003B1F1C /* Release */,
			);
			defaultConfigurationIsVisible = 0;
			defaultConfigurationName = Release;
		};
		CB226263290C1CB4003B1F1C /* Build configuration list for PBXNativeTarget "ShukatsuSupportApp" */ = {
			isa = XCConfigurationList;
			buildConfigurations = (
				CB226264290C1CB4003B1F1C /* Debug */,
				CB226265290C1CB4003B1F1C /* Release */,
			);
			defaultConfigurationIsVisible = 0;
			defaultConfigurationName = Release;
		};
		CB226266290C1CB4003B1F1C /* Build configuration list for PBXNativeTarget "ShukatsuSupportAppTests" */ = {
			isa = XCConfigurationList;
			buildConfigurations = (
				CB226267290C1CB4003B1F1C /* Debug */,
				CB226268290C1CB4003B1F1C /* Release */,
			);
			defaultConfigurationIsVisible = 0;
			defaultConfigurationName = Release;
		};
		CB226269290C1CB4003B1F1C /* Build configuration list for PBXNativeTarget "ShukatsuSupportAppUITests" */ = {
			isa = XCConfigurationList;
			buildConfigurations = (
				CB22626A290C1CB4003B1F1C /* Debug */,
				CB22626B290C1CB4003B1F1C /* Release */,
			);
			defaultConfigurationIsVisible = 0;
			defaultConfigurationName = Release;
		};
/* End XCConfigurationList section */

/* Begin XCRemoteSwiftPackageReference section */
		CB22626E290E9256003B1F1C /* XCRemoteSwiftPackageReference "Charts" */ = {
			isa = XCRemoteSwiftPackageReference;
			repositoryURL = "https://github.com/danielgindi/Charts.git";
			requirement = {
				kind = upToNextMajorVersion;
				minimumVersion = 3.0.0;
			};
		};
/* End XCRemoteSwiftPackageReference section */

/* Begin XCSwiftPackageProductDependency section */
		CB22626F290E9256003B1F1C /* Charts */ = {
			isa = XCSwiftPackageProductDependency;
			package = CB22626E290E9256003B1F1C /* XCRemoteSwiftPackageReference "Charts" */;
			productName = Charts;
		};
/* End XCSwiftPackageProductDependency section */
	};
	rootObject = CB226231290C1CAE003B1F1C /* Project object */;
}
